{
  "name": "website",
  "lockfileVersion": 3,
  "requires": true,
  "packages": {
    "": {
      "dependencies": {
        "@fontsource/golos-text": "^5.2.6"
      }
    },
    "node_modules/@fontsource/golos-text": {
      "version": "5.2.6",
      "resolved": "https://registry.npmjs.org/@fontsource/golos-text/-/golos-text-5.2.6.tgz",
      "integrity": "sha512-ZJ/rGtwTVIMLCo1FeEAb3soIT8+SBuri6lmR7opXe/+DT+52xDUaAgbcBumRTRU9c6ntNXvbejw6jgtuIl3Otg==",
      "license": "OFL-1.1",
      "funding": {
        "url": "https://github.com/sponsors/ayuhito"
      }
    }
  }
}
